
Microsoft Visual Studio Solution File, Format Version 12.00
# Visual Studio Version 17
VisualStudioVersion = 17.13.35919.96 d17.13
MinimumVisualStudioVersion = 10.0.40219.1
Project("{FAE04EC0-301F-11D3-BF4B-00C04F79EFBC}") = "ABCRetailers", "ABCRetailers.csproj", "{B20C7FD7-8E0B-456A-93A2-9A28B106B46D}"
EndProject
Global
	GlobalSection(SolutionConfigurationPlatforms) = preSolution
		Debug|Any CPU = Debug|Any CPU
		Release|Any CPU = Release|Any CPU
	EndGlobalSection
	GlobalSection(ProjectConfigurationPlatforms) = postSolution
		{B20C7FD7-8E0B-456A-93A2-9A28B106B46D}.Debug|Any CPU.ActiveCfg = Debug|Any CPU
		{B20C7FD7-8E0B-456A-93A2-9A28B106B46D}.Debug|Any CPU.Build.0 = Debug|Any CPU
		{B20C7FD7-8E0B-456A-93A2-9A28B106B46D}.Release|Any CPU.ActiveCfg = Release|Any CPU
		{B20C7FD7-8E0B-456A-93A2-9A28B106B46D}.Release|Any CPU.Build.0 = Release|Any CPU
	EndGlobalSection
	GlobalSection(SolutionProperties) = preSolution
		HideSolutionNode = FALSE
	EndGlobalSection
	GlobalSection(ExtensibilityGlobals) = postSolution
		SolutionGuid = {54AF6502-15A7-462A-8415-33C6164444F5}
	EndGlobalSection
EndGlobal
